
Microsoft Visual Studio Solution File, Format Version 12.00
# Visual Studio 14
VisualStudioVersion = 14.0.23107.0
MinimumVisualStudioVersion = 10.0.40219.1
Project("{F184B08F-C81C-45F6-A57F-5ABD9991F28F}") = "DNSLookup", "DNSLookup\DNSLookup.vbproj", "{683A99B3-7F4D-45A1-95CD-41B6AC36CBD6}"
EndProject
Project("{FAE04EC0-301F-11D3-BF4B-00C04F79EFBC}") = "DNSLookupCS", "DNSLookupCS\DNSLookupCS.csproj", "{7665836F-443B-4AEF-8AD7-7FAAA15285ED}"
EndProject
Project("{FAE04EC0-301F-11D3-BF4B-00C04F79EFBC}") = "HelloDropbox", "HelloDropbox\HelloDropbox.csproj", "{14F0D36E-57EA-4175-818D-ACDD031B9111}"
EndProject
Project("{FAE04EC0-301F-11D3-BF4B-00C04F79EFBC}") = "HelloGoogledrive", "HelloGoogledrive\HelloGoogledrive.csproj", "{923486FA-B9CC-4CCC-9664-26900B154BC1}"
EndProject
Project("{FAE04EC0-301F-11D3-BF4B-00C04F79EFBC}") = "HelloOnedrive", "HelloOnedrive\HelloOnedrive.csproj", "{69E7C339-A10F-4ACE-BFB0-A829BF3C7C40}"
EndProject
Project("{FAE04EC0-301F-11D3-BF4B-00C04F79EFBC}") = "Common", "Common\Common.csproj", "{531FD818-22E9-4B32-B3FC-B653D5443D08}"
EndProject
Project("{FAE04EC0-301F-11D3-BF4B-00C04F79EFBC}") = "ConnectionTest_d", "ConnectionTest_d\ConnectionTest_d.csproj", "{A775A8EE-D4A9-446E-8066-8ED838FAA906}"
EndProject
Project("{FAE04EC0-301F-11D3-BF4B-00C04F79EFBC}") = "ConnectionTest_g", "ConnectionTest_g\ConnectionTest_g.csproj", "{6963B929-B37C-4018-9756-22F45214117C}"
EndProject
Project("{FAE04EC0-301F-11D3-BF4B-00C04F79EFBC}") = "ConnectionTest_o", "ConnectionTest_o\ConnectionTest_o.csproj", "{D1B9EE49-36A8-4BE9-B3F0-F9C3BADF750F}"
EndProject
Project("{FAE04EC0-301F-11D3-BF4B-00C04F79EFBC}") = "ConTestProcessor", "ConTestProcessor\ConTestProcessor.csproj", "{52F72E48-C594-4498-AB35-870681F2FB06}"
EndProject
Project("{FAE04EC0-301F-11D3-BF4B-00C04F79EFBC}") = "SpeedTest_d", "SpeedTest\SpeedTest_d.csproj", "{CCBCA6B2-8316-4D80-8589-7005F502696E}"
EndProject
Project("{FAE04EC0-301F-11D3-BF4B-00C04F79EFBC}") = "SpeedTest_o", "SpeedTest_o\SpeedTest_o.csproj", "{53F4B6A4-79EB-4351-9FA9-715001770BBD}"
EndProject
Project("{FAE04EC0-301F-11D3-BF4B-00C04F79EFBC}") = "ProtocolSender", "ProtocolSender\ProtocolSender.csproj", "{BC14BC9B-C8DD-4741-971F-83D15A45676E}"
EndProject
Project("{FAE04EC0-301F-11D3-BF4B-00C04F79EFBC}") = "ProtocolReceiver", "ProtocolReceiver\ProtocolReceiver.csproj", "{BB53E7EF-9AB4-46B5-8417-8D193DD83439}"
EndProject
Project("{FAE04EC0-301F-11D3-BF4B-00C04F79EFBC}") = "librsync.net", "librsync.net\librsync.net\librsync.net.csproj", "{0B6D94BD-5BFE-49AE-A83D-C504FB504C4C}"
EndProject
Project("{8BC9CEB8-8B4A-11D0-8D11-00A0C91BC942}") = "ProtocolReceiverC", "ProtocolReceiverC\ProtocolReceiverC.vcxproj", "{58B689C6-09F8-4DBE-8CA4-45EEFEE4DE8B}"
EndProject
Project("{8BC9CEB8-8B4A-11D0-8D11-00A0C91BC942}") = "ProtocolSenderC", "ProtocolSenderC\ProtocolSenderC.vcxproj", "{61EBEA9D-3F81-4E59-AD05-D4396345336F}"
EndProject
Global
	GlobalSection(SolutionConfigurationPlatforms) = preSolution
		Debug|Any CPU = Debug|Any CPU
		Debug|x64 = Debug|x64
		Debug|x86 = Debug|x86
		Release|Any CPU = Release|Any CPU
		Release|x64 = Release|x64
		Release|x86 = Release|x86
	EndGlobalSection
	GlobalSection(ProjectConfigurationPlatforms) = postSolution
		{683A99B3-7F4D-45A1-95CD-41B6AC36CBD6}.Debug|Any CPU.ActiveCfg = Debug|Any CPU
		{683A99B3-7F4D-45A1-95CD-41B6AC36CBD6}.Debug|Any CPU.Build.0 = Debug|Any CPU
		{683A99B3-7F4D-45A1-95CD-41B6AC36CBD6}.Debug|x64.ActiveCfg = Debug|Any CPU
		{683A99B3-7F4D-45A1-95CD-41B6AC36CBD6}.Debug|x64.Build.0 = Debug|Any CPU
		{683A99B3-7F4D-45A1-95CD-41B6AC36CBD6}.Debug|x86.ActiveCfg = Debug|Any CPU
		{683A99B3-7F4D-45A1-95CD-41B6AC36CBD6}.Debug|x86.Build.0 = Debug|Any CPU
		{683A99B3-7F4D-45A1-95CD-41B6AC36CBD6}.Release|Any CPU.ActiveCfg = Release|Any CPU
		{683A99B3-7F4D-45A1-95CD-41B6AC36CBD6}.Release|Any CPU.Build.0 = Release|Any CPU
		{683A99B3-7F4D-45A1-95CD-41B6AC36CBD6}.Release|x64.ActiveCfg = Release|Any CPU
		{683A99B3-7F4D-45A1-95CD-41B6AC36CBD6}.Release|x64.Build.0 = Release|Any CPU
		{683A99B3-7F4D-45A1-95CD-41B6AC36CBD6}.Release|x86.ActiveCfg = Release|Any CPU
		{683A99B3-7F4D-45A1-95CD-41B6AC36CBD6}.Release|x86.Build.0 = Release|Any CPU
		{7665836F-443B-4AEF-8AD7-7FAAA15285ED}.Debug|Any CPU.ActiveCfg = Debug|Any CPU
		{7665836F-443B-4AEF-8AD7-7FAAA15285ED}.Debug|Any CPU.Build.0 = Debug|Any CPU
		{7665836F-443B-4AEF-8AD7-7FAAA15285ED}.Debug|x64.ActiveCfg = Debug|Any CPU
		{7665836F-443B-4AEF-8AD7-7FAAA15285ED}.Debug|x64.Build.0 = Debug|Any CPU
		{7665836F-443B-4AEF-8AD7-7FAAA15285ED}.Debug|x86.ActiveCfg = Debug|Any CPU
		{7665836F-443B-4AEF-8AD7-7FAAA15285ED}.Debug|x86.Build.0 = Debug|Any CPU
		{7665836F-443B-4AEF-8AD7-7FAAA15285ED}.Release|Any CPU.ActiveCfg = Release|Any CPU
		{7665836F-443B-4AEF-8AD7-7FAAA15285ED}.Release|Any CPU.Build.0 = Release|Any CPU
		{7665836F-443B-4AEF-8AD7-7FAAA15285ED}.Release|x64.ActiveCfg = Release|Any CPU
		{7665836F-443B-4AEF-8AD7-7FAAA15285ED}.Release|x64.Build.0 = Release|Any CPU
		{7665836F-443B-4AEF-8AD7-7FAAA15285ED}.Release|x86.ActiveCfg = Release|Any CPU
		{7665836F-443B-4AEF-8AD7-7FAAA15285ED}.Release|x86.Build.0 = Release|Any CPU
		{14F0D36E-57EA-4175-818D-ACDD031B9111}.Debug|Any CPU.ActiveCfg = Debug|Any CPU
		{14F0D36E-57EA-4175-818D-ACDD031B9111}.Debug|Any CPU.Build.0 = Debug|Any CPU
		{14F0D36E-57EA-4175-818D-ACDD031B9111}.Debug|x64.ActiveCfg = Debug|Any CPU
		{14F0D36E-57EA-4175-818D-ACDD031B9111}.Debug|x64.Build.0 = Debug|Any CPU
		{14F0D36E-57EA-4175-818D-ACDD031B9111}.Debug|x86.ActiveCfg = Debug|Any CPU
		{14F0D36E-57EA-4175-818D-ACDD031B9111}.Debug|x86.Build.0 = Debug|Any CPU
		{14F0D36E-57EA-4175-818D-ACDD031B9111}.Release|Any CPU.ActiveCfg = Release|Any CPU
		{14F0D36E-57EA-4175-818D-ACDD031B9111}.Release|Any CPU.Build.0 = Release|Any CPU
		{14F0D36E-57EA-4175-818D-ACDD031B9111}.Release|x64.ActiveCfg = Release|Any CPU
		{14F0D36E-57EA-4175-818D-ACDD031B9111}.Release|x64.Build.0 = Release|Any CPU
		{14F0D36E-57EA-4175-818D-ACDD031B9111}.Release|x86.ActiveCfg = Release|Any CPU
		{14F0D36E-57EA-4175-818D-ACDD031B9111}.Release|x86.Build.0 = Release|Any CPU
		{923486FA-B9CC-4CCC-9664-26900B154BC1}.Debug|Any CPU.ActiveCfg = Debug|Any CPU
		{923486FA-B9CC-4CCC-9664-26900B154BC1}.Debug|Any CPU.Build.0 = Debug|Any CPU
		{923486FA-B9CC-4CCC-9664-26900B154BC1}.Debug|x64.ActiveCfg = Debug|Any CPU
		{923486FA-B9CC-4CCC-9664-26900B154BC1}.Debug|x64.Build.0 = Debug|Any CPU
		{923486FA-B9CC-4CCC-9664-26900B154BC1}.Debug|x86.ActiveCfg = Debug|Any CPU
		{923486FA-B9CC-4CCC-9664-26900B154BC1}.Debug|x86.Build.0 = Debug|Any CPU
		{923486FA-B9CC-4CCC-9664-26900B154BC1}.Release|Any CPU.ActiveCfg = Release|Any CPU
		{923486FA-B9CC-4CCC-9664-26900B154BC1}.Release|Any CPU.Build.0 = Release|Any CPU
		{923486FA-B9CC-4CCC-9664-26900B154BC1}.Release|x64.ActiveCfg = Release|Any CPU
		{923486FA-B9CC-4CCC-9664-26900B154BC1}.Release|x64.Build.0 = Release|Any CPU
		{923486FA-B9CC-4CCC-9664-26900B154BC1}.Release|x86.ActiveCfg = Release|Any CPU
		{923486FA-B9CC-4CCC-9664-26900B154BC1}.Release|x86.Build.0 = Release|Any CPU
		{69E7C339-A10F-4ACE-BFB0-A829BF3C7C40}.Debug|Any CPU.ActiveCfg = Debug|Any CPU
		{69E7C339-A10F-4ACE-BFB0-A829BF3C7C40}.Debug|Any CPU.Build.0 = Debug|Any CPU
		{69E7C339-A10F-4ACE-BFB0-A829BF3C7C40}.Debug|x64.ActiveCfg = Debug|Any CPU
		{69E7C339-A10F-4ACE-BFB0-A829BF3C7C40}.Debug|x64.Build.0 = Debug|Any CPU
		{69E7C339-A10F-4ACE-BFB0-A829BF3C7C40}.Debug|x86.ActiveCfg = Debug|Any CPU
		{69E7C339-A10F-4ACE-BFB0-A829BF3C7C40}.Debug|x86.Build.0 = Debug|Any CPU
		{69E7C339-A10F-4ACE-BFB0-A829BF3C7C40}.Release|Any CPU.ActiveCfg = Release|Any CPU
		{69E7C339-A10F-4ACE-BFB0-A829BF3C7C40}.Release|Any CPU.Build.0 = Release|Any CPU
		{69E7C339-A10F-4ACE-BFB0-A829BF3C7C40}.Release|x64.ActiveCfg = Release|Any CPU
		{69E7C339-A10F-4ACE-BFB0-A829BF3C7C40}.Release|x64.Build.0 = Release|Any CPU
		{69E7C339-A10F-4ACE-BFB0-A829BF3C7C40}.Release|x86.ActiveCfg = Release|Any CPU
		{69E7C339-A10F-4ACE-BFB0-A829BF3C7C40}.Release|x86.Build.0 = Release|Any CPU
		{531FD818-22E9-4B32-B3FC-B653D5443D08}.Debug|Any CPU.ActiveCfg = Debug|Any CPU
		{531FD818-22E9-4B32-B3FC-B653D5443D08}.Debug|Any CPU.Build.0 = Debug|Any CPU
		{531FD818-22E9-4B32-B3FC-B653D5443D08}.Debug|x64.ActiveCfg = Debug|Any CPU
		{531FD818-22E9-4B32-B3FC-B653D5443D08}.Debug|x64.Build.0 = Debug|Any CPU
		{531FD818-22E9-4B32-B3FC-B653D5443D08}.Debug|x86.ActiveCfg = Debug|Any CPU
		{531FD818-22E9-4B32-B3FC-B653D5443D08}.Debug|x86.Build.0 = Debug|Any CPU
		{531FD818-22E9-4B32-B3FC-B653D5443D08}.Release|Any CPU.ActiveCfg = Release|Any CPU
		{531FD818-22E9-4B32-B3FC-B653D5443D08}.Release|Any CPU.Build.0 = Release|Any CPU
		{531FD818-22E9-4B32-B3FC-B653D5443D08}.Release|x64.ActiveCfg = Release|Any CPU
		{531FD818-22E9-4B32-B3FC-B653D5443D08}.Release|x64.Build.0 = Release|Any CPU
		{531FD818-22E9-4B32-B3FC-B653D5443D08}.Release|x86.ActiveCfg = Release|Any CPU
		{531FD818-22E9-4B32-B3FC-B653D5443D08}.Release|x86.Build.0 = Release|Any CPU
		{A775A8EE-D4A9-446E-8066-8ED838FAA906}.Debug|Any CPU.ActiveCfg = Debug|Any CPU
		{A775A8EE-D4A9-446E-8066-8ED838FAA906}.Debug|Any CPU.Build.0 = Debug|Any CPU
		{A775A8EE-D4A9-446E-8066-8ED838FAA906}.Debug|x64.ActiveCfg = Debug|Any CPU
		{A775A8EE-D4A9-446E-8066-8ED838FAA906}.Debug|x64.Build.0 = Debug|Any CPU
		{A775A8EE-D4A9-446E-8066-8ED838FAA906}.Debug|x86.ActiveCfg = Debug|Any CPU
		{A775A8EE-D4A9-446E-8066-8ED838FAA906}.Debug|x86.Build.0 = Debug|Any CPU
		{A775A8EE-D4A9-446E-8066-8ED838FAA906}.Release|Any CPU.ActiveCfg = Release|Any CPU
		{A775A8EE-D4A9-446E-8066-8ED838FAA906}.Release|Any CPU.Build.0 = Release|Any CPU
		{A775A8EE-D4A9-446E-8066-8ED838FAA906}.Release|x64.ActiveCfg = Release|Any CPU
		{A775A8EE-D4A9-446E-8066-8ED838FAA906}.Release|x64.Build.0 = Release|Any CPU
		{A775A8EE-D4A9-446E-8066-8ED838FAA906}.Release|x86.ActiveCfg = Release|Any CPU
		{A775A8EE-D4A9-446E-8066-8ED838FAA906}.Release|x86.Build.0 = Release|Any CPU
		{6963B929-B37C-4018-9756-22F45214117C}.Debug|Any CPU.ActiveCfg = Debug|Any CPU
		{6963B929-B37C-4018-9756-22F45214117C}.Debug|Any CPU.Build.0 = Debug|Any CPU
		{6963B929-B37C-4018-9756-22F45214117C}.Debug|x64.ActiveCfg = Debug|Any CPU
		{6963B929-B37C-4018-9756-22F45214117C}.Debug|x64.Build.0 = Debug|Any CPU
		{6963B929-B37C-4018-9756-22F45214117C}.Debug|x86.ActiveCfg = Debug|Any CPU
		{6963B929-B37C-4018-9756-22F45214117C}.Debug|x86.Build.0 = Debug|Any CPU
		{6963B929-B37C-4018-9756-22F45214117C}.Release|Any CPU.ActiveCfg = Release|Any CPU
		{6963B929-B37C-4018-9756-22F45214117C}.Release|Any CPU.Build.0 = Release|Any CPU
		{6963B929-B37C-4018-9756-22F45214117C}.Release|x64.ActiveCfg = Release|Any CPU
		{6963B929-B37C-4018-9756-22F45214117C}.Release|x64.Build.0 = Release|Any CPU
		{6963B929-B37C-4018-9756-22F45214117C}.Release|x86.ActiveCfg = Release|Any CPU
		{6963B929-B37C-4018-9756-22F45214117C}.Release|x86.Build.0 = Release|Any CPU
		{D1B9EE49-36A8-4BE9-B3F0-F9C3BADF750F}.Debug|Any CPU.ActiveCfg = Debug|Any CPU
		{D1B9EE49-36A8-4BE9-B3F0-F9C3BADF750F}.Debug|Any CPU.Build.0 = Debug|Any CPU
		{D1B9EE49-36A8-4BE9-B3F0-F9C3BADF750F}.Debug|x64.ActiveCfg = Debug|Any CPU
		{D1B9EE49-36A8-4BE9-B3F0-F9C3BADF750F}.Debug|x64.Build.0 = Debug|Any CPU
		{D1B9EE49-36A8-4BE9-B3F0-F9C3BADF750F}.Debug|x86.ActiveCfg = Debug|Any CPU
		{D1B9EE49-36A8-4BE9-B3F0-F9C3BADF750F}.Debug|x86.Build.0 = Debug|Any CPU
		{D1B9EE49-36A8-4BE9-B3F0-F9C3BADF750F}.Release|Any CPU.ActiveCfg = Release|Any CPU
		{D1B9EE49-36A8-4BE9-B3F0-F9C3BADF750F}.Release|Any CPU.Build.0 = Release|Any CPU
		{D1B9EE49-36A8-4BE9-B3F0-F9C3BADF750F}.Release|x64.ActiveCfg = Release|Any CPU
		{D1B9EE49-36A8-4BE9-B3F0-F9C3BADF750F}.Release|x64.Build.0 = Release|Any CPU
		{D1B9EE49-36A8-4BE9-B3F0-F9C3BADF750F}.Release|x86.ActiveCfg = Release|Any CPU
		{D1B9EE49-36A8-4BE9-B3F0-F9C3BADF750F}.Release|x86.Build.0 = Release|Any CPU
		{52F72E48-C594-4498-AB35-870681F2FB06}.Debug|Any CPU.ActiveCfg = Debug|Any CPU
		{52F72E48-C594-4498-AB35-870681F2FB06}.Debug|Any CPU.Build.0 = Debug|Any CPU
		{52F72E48-C594-4498-AB35-870681F2FB06}.Debug|x64.ActiveCfg = Debug|Any CPU
		{52F72E48-C594-4498-AB35-870681F2FB06}.Debug|x64.Build.0 = Debug|Any CPU
		{52F72E48-C594-4498-AB35-870681F2FB06}.Debug|x86.ActiveCfg = Debug|Any CPU
		{52F72E48-C594-4498-AB35-870681F2FB06}.Debug|x86.Build.0 = Debug|Any CPU
		{52F72E48-C594-4498-AB35-870681F2FB06}.Release|Any CPU.ActiveCfg = Release|Any CPU
		{52F72E48-C594-4498-AB35-870681F2FB06}.Release|Any CPU.Build.0 = Release|Any CPU
		{52F72E48-C594-4498-AB35-870681F2FB06}.Release|x64.ActiveCfg = Release|Any CPU
		{52F72E48-C594-4498-AB35-870681F2FB06}.Release|x64.Build.0 = Release|Any CPU
		{52F72E48-C594-4498-AB35-870681F2FB06}.Release|x86.ActiveCfg = Release|Any CPU
		{52F72E48-C594-4498-AB35-870681F2FB06}.Release|x86.Build.0 = Release|Any CPU
		{CCBCA6B2-8316-4D80-8589-7005F502696E}.Debug|Any CPU.ActiveCfg = Debug|Any CPU
		{CCBCA6B2-8316-4D80-8589-7005F502696E}.Debug|Any CPU.Build.0 = Debug|Any CPU
		{CCBCA6B2-8316-4D80-8589-7005F502696E}.Debug|x64.ActiveCfg = Debug|Any CPU
		{CCBCA6B2-8316-4D80-8589-7005F502696E}.Debug|x64.Build.0 = Debug|Any CPU
		{CCBCA6B2-8316-4D80-8589-7005F502696E}.Debug|x86.ActiveCfg = Debug|Any CPU
		{CCBCA6B2-8316-4D80-8589-7005F502696E}.Debug|x86.Build.0 = Debug|Any CPU
		{CCBCA6B2-8316-4D80-8589-7005F502696E}.Release|Any CPU.ActiveCfg = Release|Any CPU
		{CCBCA6B2-8316-4D80-8589-7005F502696E}.Release|Any CPU.Build.0 = Release|Any CPU
		{CCBCA6B2-8316-4D80-8589-7005F502696E}.Release|x64.ActiveCfg = Release|Any CPU
		{CCBCA6B2-8316-4D80-8589-7005F502696E}.Release|x64.Build.0 = Release|Any CPU
		{CCBCA6B2-8316-4D80-8589-7005F502696E}.Release|x86.ActiveCfg = Release|Any CPU
		{CCBCA6B2-8316-4D80-8589-7005F502696E}.Release|x86.Build.0 = Release|Any CPU
		{53F4B6A4-79EB-4351-9FA9-715001770BBD}.Debug|Any CPU.ActiveCfg = Debug|Any CPU
		{53F4B6A4-79EB-4351-9FA9-715001770BBD}.Debug|Any CPU.Build.0 = Debug|Any CPU
		{53F4B6A4-79EB-4351-9FA9-715001770BBD}.Debug|x64.ActiveCfg = Debug|Any CPU
		{53F4B6A4-79EB-4351-9FA9-715001770BBD}.Debug|x64.Build.0 = Debug|Any CPU
		{53F4B6A4-79EB-4351-9FA9-715001770BBD}.Debug|x86.ActiveCfg = Debug|Any CPU
		{53F4B6A4-79EB-4351-9FA9-715001770BBD}.Debug|x86.Build.0 = Debug|Any CPU
		{53F4B6A4-79EB-4351-9FA9-715001770BBD}.Release|Any CPU.ActiveCfg = Release|Any CPU
		{53F4B6A4-79EB-4351-9FA9-715001770BBD}.Release|Any CPU.Build.0 = Release|Any CPU
		{53F4B6A4-79EB-4351-9FA9-715001770BBD}.Release|x64.ActiveCfg = Release|Any CPU
		{53F4B6A4-79EB-4351-9FA9-715001770BBD}.Release|x64.Build.0 = Release|Any CPU
		{53F4B6A4-79EB-4351-9FA9-715001770BBD}.Release|x86.ActiveCfg = Release|Any CPU
		{53F4B6A4-79EB-4351-9FA9-715001770BBD}.Release|x86.Build.0 = Release|Any CPU
		{BC14BC9B-C8DD-4741-971F-83D15A45676E}.Debug|Any CPU.ActiveCfg = Debug|Any CPU
		{BC14BC9B-C8DD-4741-971F-83D15A45676E}.Debug|Any CPU.Build.0 = Debug|Any CPU
		{BC14BC9B-C8DD-4741-971F-83D15A45676E}.Debug|x64.ActiveCfg = Debug|Any CPU
		{BC14BC9B-C8DD-4741-971F-83D15A45676E}.Debug|x64.Build.0 = Debug|Any CPU
		{BC14BC9B-C8DD-4741-971F-83D15A45676E}.Debug|x86.ActiveCfg = Debug|Any CPU
		{BC14BC9B-C8DD-4741-971F-83D15A45676E}.Debug|x86.Build.0 = Debug|Any CPU
		{BC14BC9B-C8DD-4741-971F-83D15A45676E}.Release|Any CPU.ActiveCfg = Release|Any CPU
		{BC14BC9B-C8DD-4741-971F-83D15A45676E}.Release|Any CPU.Build.0 = Release|Any CPU
		{BC14BC9B-C8DD-4741-971F-83D15A45676E}.Release|x64.ActiveCfg = Release|Any CPU
		{BC14BC9B-C8DD-4741-971F-83D15A45676E}.Release|x64.Build.0 = Release|Any CPU
		{BC14BC9B-C8DD-4741-971F-83D15A45676E}.Release|x86.ActiveCfg = Release|Any CPU
		{BC14BC9B-C8DD-4741-971F-83D15A45676E}.Release|x86.Build.0 = Release|Any CPU
		{BB53E7EF-9AB4-46B5-8417-8D193DD83439}.Debug|Any CPU.ActiveCfg = Debug|Any CPU
		{BB53E7EF-9AB4-46B5-8417-8D193DD83439}.Debug|Any CPU.Build.0 = Debug|Any CPU
		{BB53E7EF-9AB4-46B5-8417-8D193DD83439}.Debug|x64.ActiveCfg = Debug|Any CPU
		{BB53E7EF-9AB4-46B5-8417-8D193DD83439}.Debug|x64.Build.0 = Debug|Any CPU
		{BB53E7EF-9AB4-46B5-8417-8D193DD83439}.Debug|x86.ActiveCfg = Debug|Any CPU
		{BB53E7EF-9AB4-46B5-8417-8D193DD83439}.Debug|x86.Build.0 = Debug|Any CPU
		{BB53E7EF-9AB4-46B5-8417-8D193DD83439}.Release|Any CPU.ActiveCfg = Release|Any CPU
		{BB53E7EF-9AB4-46B5-8417-8D193DD83439}.Release|Any CPU.Build.0 = Release|Any CPU
		{BB53E7EF-9AB4-46B5-8417-8D193DD83439}.Release|x64.ActiveCfg = Release|Any CPU
		{BB53E7EF-9AB4-46B5-8417-8D193DD83439}.Release|x64.Build.0 = Release|Any CPU
		{BB53E7EF-9AB4-46B5-8417-8D193DD83439}.Release|x86.ActiveCfg = Release|Any CPU
		{BB53E7EF-9AB4-46B5-8417-8D193DD83439}.Release|x86.Build.0 = Release|Any CPU
		{0B6D94BD-5BFE-49AE-A83D-C504FB504C4C}.Debug|Any CPU.ActiveCfg = Debug|Any CPU
		{0B6D94BD-5BFE-49AE-A83D-C504FB504C4C}.Debug|Any CPU.Build.0 = Debug|Any CPU
		{0B6D94BD-5BFE-49AE-A83D-C504FB504C4C}.Debug|x64.ActiveCfg = Debug|Any CPU
		{0B6D94BD-5BFE-49AE-A83D-C504FB504C4C}.Debug|x64.Build.0 = Debug|Any CPU
		{0B6D94BD-5BFE-49AE-A83D-C504FB504C4C}.Debug|x86.ActiveCfg = Debug|Any CPU
		{0B6D94BD-5BFE-49AE-A83D-C504FB504C4C}.Debug|x86.Build.0 = Debug|Any CPU
		{0B6D94BD-5BFE-49AE-A83D-C504FB504C4C}.Release|Any CPU.ActiveCfg = Release|Any CPU
		{0B6D94BD-5BFE-49AE-A83D-C504FB504C4C}.Release|Any CPU.Build.0 = Release|Any CPU
		{0B6D94BD-5BFE-49AE-A83D-C504FB504C4C}.Release|x64.ActiveCfg = Release|Any CPU
		{0B6D94BD-5BFE-49AE-A83D-C504FB504C4C}.Release|x64.Build.0 = Release|Any CPU
		{0B6D94BD-5BFE-49AE-A83D-C504FB504C4C}.Release|x86.ActiveCfg = Release|Any CPU
		{0B6D94BD-5BFE-49AE-A83D-C504FB504C4C}.Release|x86.Build.0 = Release|Any CPU
		{58B689C6-09F8-4DBE-8CA4-45EEFEE4DE8B}.Debug|Any CPU.ActiveCfg = Debug|Win32
		{58B689C6-09F8-4DBE-8CA4-45EEFEE4DE8B}.Debug|Any CPU.Build.0 = Debug|Win32
		{58B689C6-09F8-4DBE-8CA4-45EEFEE4DE8B}.Debug|x64.ActiveCfg = Debug|x64
		{58B689C6-09F8-4DBE-8CA4-45EEFEE4DE8B}.Debug|x64.Build.0 = Debug|x64
		{58B689C6-09F8-4DBE-8CA4-45EEFEE4DE8B}.Debug|x86.ActiveCfg = Debug|Win32
		{58B689C6-09F8-4DBE-8CA4-45EEFEE4DE8B}.Debug|x86.Build.0 = Debug|Win32
		{58B689C6-09F8-4DBE-8CA4-45EEFEE4DE8B}.Release|Any CPU.ActiveCfg = Release|Win32
		{58B689C6-09F8-4DBE-8CA4-45EEFEE4DE8B}.Release|x64.ActiveCfg = Release|x64
		{58B689C6-09F8-4DBE-8CA4-45EEFEE4DE8B}.Release|x64.Build.0 = Release|x64
		{58B689C6-09F8-4DBE-8CA4-45EEFEE4DE8B}.Release|x86.ActiveCfg = Release|Win32
		{58B689C6-09F8-4DBE-8CA4-45EEFEE4DE8B}.Release|x86.Build.0 = Release|Win32
		{61EBEA9D-3F81-4E59-AD05-D4396345336F}.Debug|Any CPU.ActiveCfg = Debug|Win32
		{61EBEA9D-3F81-4E59-AD05-D4396345336F}.Debug|Any CPU.Build.0 = Debug|Win32
		{61EBEA9D-3F81-4E59-AD05-D4396345336F}.Debug|x64.ActiveCfg = Debug|x64
		{61EBEA9D-3F81-4E59-AD05-D4396345336F}.Debug|x64.Build.0 = Debug|x64
		{61EBEA9D-3F81-4E59-AD05-D4396345336F}.Debug|x86.ActiveCfg = Debug|Win32
		{61EBEA9D-3F81-4E59-AD05-D4396345336F}.Debug|x86.Build.0 = Debug|Win32
		{61EBEA9D-3F81-4E59-AD05-D4396345336F}.Release|Any CPU.ActiveCfg = Release|Win32
		{61EBEA9D-3F81-4E59-AD05-D4396345336F}.Release|x64.ActiveCfg = Release|x64
		{61EBEA9D-3F81-4E59-AD05-D4396345336F}.Release|x64.Build.0 = Release|x64
		{61EBEA9D-3F81-4E59-AD05-D4396345336F}.Release|x86.ActiveCfg = Release|Win32
		{61EBEA9D-3F81-4E59-AD05-D4396345336F}.Release|x86.Build.0 = Release|Win32
	EndGlobalSection
	GlobalSection(SolutionProperties) = preSolution
		HideSolutionNode = FALSE
	EndGlobalSection
EndGlobal
